
Microsoft Visual Studio Solution File, Format Version 12.00
# Visual Studio 15
VisualStudioVersion = 15.0.26403.7
MinimumVisualStudioVersion = 10.0.40219.1
Project("{2150E333-8FDC-42A3-9474-1A3956D46DE8}") = "src", "src", "{6B3F3792-E930-42E4-9F90-96B70BB149E9}"
EndProject
Project("{2150E333-8FDC-42A3-9474-1A3956D46DE8}") = "Services", "Services", "{34A95F00-876B-4383-B115-569C854640C5}"
EndProject
Project("{2150E333-8FDC-42A3-9474-1A3956D46DE8}") = "Gateways", "Gateways", "{15BF20BD-6E9B-4352-B825-4344249A4082}"
EndProject
Project("{2150E333-8FDC-42A3-9474-1A3956D46DE8}") = "Contracts", "Contracts", "{D965A866-518F-4F59-B3F3-F7FB9ACABFDF}"
EndProject
Project("{2150E333-8FDC-42A3-9474-1A3956D46DE8}") = "Aggregators", "Aggregators", "{AC536C27-A8EF-4AF2-A15E-E13E83386C86}"
EndProject
Project("{9A19103F-16F7-4668-BE54-9A1E7A4F7556}") = "Microservices.Todo.Cards.Api.Contracts", "src\Contracts\Microservices.Todo.Cards.Api.Contracts\Microservices.Todo.Cards.Api.Contracts.csproj", "{39983DD8-9491-4704-A2FC-6CB390D4951E}"
EndProject
Project("{9A19103F-16F7-4668-BE54-9A1E7A4F7556}") = "Microservices.Todo.Cards.Api", "src\Services\Microservices.Todo.Cards.Api\Microservices.Todo.Cards.Api.csproj", "{CB3B8087-462A-4B85-9637-FD54554EE731}"
EndProject
Project("{FAE04EC0-301F-11D3-BF4B-00C04F79EFBC}") = "Microservices.Todo.Boards.Api", "src\Services\Microservices.Todo.Boards.Api\Microservices.Todo.Boards.Api.csproj", "{CF800053-AB92-4C68-96F3-2F0C394B2A95}"
EndProject
Project("{FAE04EC0-301F-11D3-BF4B-00C04F79EFBC}") = "Microservices.Todo.Boards.Api.Contracts", "src\Contracts\Microservices.Todo.Boards.Api.Contracts\Microservices.Todo.Boards.Api.Contracts.csproj", "{47D60379-D49B-4C36-94A7-27E59B4FAC86}"
EndProject
Project("{FAE04EC0-301F-11D3-BF4B-00C04F79EFBC}") = "Microservices.Users.Read.Api", "src\Services\Microservices.Users.Read.Api\Microservices.Users.Read.Api.csproj", "{894CF94A-85C4-4F39-ACDE-2EBE5B777724}"
EndProject
Project("{FAE04EC0-301F-11D3-BF4B-00C04F79EFBC}") = "Microservices.Users.Write.Api", "src\Services\Microservices.Users.Write.Api\Microservices.Users.Write.Api.csproj", "{8E9E3DFD-645A-4138-BB85-04AD7693512B}"
EndProject
Project("{FAE04EC0-301F-11D3-BF4B-00C04F79EFBC}") = "Microservices.Users.Api.Contracts", "src\Contracts\Microservices.Users.Api.Contracts\Microservices.Users.Api.Contracts.csproj", "{169858C0-4344-4F3B-A568-53AD2F75AA6E}"
EndProject
Project("{FAE04EC0-301F-11D3-BF4B-00C04F79EFBC}") = "Microservices.Gateway", "src\Gateways\Microservices.Gateway\Microservices.Gateway.csproj", "{3DF81139-0A9A-4A80-ABB1-B279C4AD30BC}"
EndProject
Project("{FAE04EC0-301F-11D3-BF4B-00C04F79EFBC}") = "Microservices.Gateway.Contracts", "src\Contracts\Microservices.Gateway.Contracts\Microservices.Gateway.Contracts.csproj", "{9AB5CF50-B337-40EB-8AEA-36F53BCC9953}"
EndProject
Project("{FAE04EC0-301F-11D3-BF4B-00C04F79EFBC}") = "Microservices.ServicesAggregator", "src\Aggregators\Microservices.ServicesAggregator\Microservices.ServicesAggregator.csproj", "{67EF032D-139A-4A97-815E-EA7D92F33B3A}"
EndProject
Global
	GlobalSection(SolutionConfigurationPlatforms) = preSolution
		Debug|Any CPU = Debug|Any CPU
		Release|Any CPU = Release|Any CPU
	EndGlobalSection
	GlobalSection(ProjectConfigurationPlatforms) = postSolution
		{39983DD8-9491-4704-A2FC-6CB390D4951E}.Debug|Any CPU.ActiveCfg = Debug|Any CPU
		{39983DD8-9491-4704-A2FC-6CB390D4951E}.Debug|Any CPU.Build.0 = Debug|Any CPU
		{39983DD8-9491-4704-A2FC-6CB390D4951E}.Release|Any CPU.ActiveCfg = Release|Any CPU
		{39983DD8-9491-4704-A2FC-6CB390D4951E}.Release|Any CPU.Build.0 = Release|Any CPU
		{CB3B8087-462A-4B85-9637-FD54554EE731}.Debug|Any CPU.ActiveCfg = Debug|Any CPU
		{CB3B8087-462A-4B85-9637-FD54554EE731}.Debug|Any CPU.Build.0 = Debug|Any CPU
		{CB3B8087-462A-4B85-9637-FD54554EE731}.Release|Any CPU.ActiveCfg = Release|Any CPU
		{CB3B8087-462A-4B85-9637-FD54554EE731}.Release|Any CPU.Build.0 = Release|Any CPU
		{CF800053-AB92-4C68-96F3-2F0C394B2A95}.Debug|Any CPU.ActiveCfg = Debug|Any CPU
		{CF800053-AB92-4C68-96F3-2F0C394B2A95}.Debug|Any CPU.Build.0 = Debug|Any CPU
		{CF800053-AB92-4C68-96F3-2F0C394B2A95}.Release|Any CPU.ActiveCfg = Release|Any CPU
		{CF800053-AB92-4C68-96F3-2F0C394B2A95}.Release|Any CPU.Build.0 = Release|Any CPU
		{47D60379-D49B-4C36-94A7-27E59B4FAC86}.Debug|Any CPU.ActiveCfg = Debug|Any CPU
		{47D60379-D49B-4C36-94A7-27E59B4FAC86}.Debug|Any CPU.Build.0 = Debug|Any CPU
		{47D60379-D49B-4C36-94A7-27E59B4FAC86}.Release|Any CPU.ActiveCfg = Release|Any CPU
		{47D60379-D49B-4C36-94A7-27E59B4FAC86}.Release|Any CPU.Build.0 = Release|Any CPU
		{894CF94A-85C4-4F39-ACDE-2EBE5B777724}.Debug|Any CPU.ActiveCfg = Debug|Any CPU
		{894CF94A-85C4-4F39-ACDE-2EBE5B777724}.Debug|Any CPU.Build.0 = Debug|Any CPU
		{894CF94A-85C4-4F39-ACDE-2EBE5B777724}.Release|Any CPU.ActiveCfg = Release|Any CPU
		{894CF94A-85C4-4F39-ACDE-2EBE5B777724}.Release|Any CPU.Build.0 = Release|Any CPU
		{8E9E3DFD-645A-4138-BB85-04AD7693512B}.Debug|Any CPU.ActiveCfg = Debug|Any CPU
		{8E9E3DFD-645A-4138-BB85-04AD7693512B}.Debug|Any CPU.Build.0 = Debug|Any CPU
		{8E9E3DFD-645A-4138-BB85-04AD7693512B}.Release|Any CPU.ActiveCfg = Release|Any CPU
		{8E9E3DFD-645A-4138-BB85-04AD7693512B}.Release|Any CPU.Build.0 = Release|Any CPU
		{169858C0-4344-4F3B-A568-53AD2F75AA6E}.Debug|Any CPU.ActiveCfg = Debug|Any CPU
		{169858C0-4344-4F3B-A568-53AD2F75AA6E}.Debug|Any CPU.Build.0 = Debug|Any CPU
		{169858C0-4344-4F3B-A568-53AD2F75AA6E}.Release|Any CPU.ActiveCfg = Release|Any CPU
		{169858C0-4344-4F3B-A568-53AD2F75AA6E}.Release|Any CPU.Build.0 = Release|Any CPU
		{3DF81139-0A9A-4A80-ABB1-B279C4AD30BC}.Debug|Any CPU.ActiveCfg = Debug|Any CPU
		{3DF81139-0A9A-4A80-ABB1-B279C4AD30BC}.Debug|Any CPU.Build.0 = Debug|Any CPU
		{3DF81139-0A9A-4A80-ABB1-B279C4AD30BC}.Release|Any CPU.ActiveCfg = Release|Any CPU
		{3DF81139-0A9A-4A80-ABB1-B279C4AD30BC}.Release|Any CPU.Build.0 = Release|Any CPU
		{9AB5CF50-B337-40EB-8AEA-36F53BCC9953}.Debug|Any CPU.ActiveCfg = Debug|Any CPU
		{9AB5CF50-B337-40EB-8AEA-36F53BCC9953}.Debug|Any CPU.Build.0 = Debug|Any CPU
		{9AB5CF50-B337-40EB-8AEA-36F53BCC9953}.Release|Any CPU.ActiveCfg = Release|Any CPU
		{9AB5CF50-B337-40EB-8AEA-36F53BCC9953}.Release|Any CPU.Build.0 = Release|Any CPU
		{67EF032D-139A-4A97-815E-EA7D92F33B3A}.Debug|Any CPU.ActiveCfg = Debug|Any CPU
		{67EF032D-139A-4A97-815E-EA7D92F33B3A}.Debug|Any CPU.Build.0 = Debug|Any CPU
		{67EF032D-139A-4A97-815E-EA7D92F33B3A}.Release|Any CPU.ActiveCfg = Release|Any CPU
		{67EF032D-139A-4A97-815E-EA7D92F33B3A}.Release|Any CPU.Build.0 = Release|Any CPU
	EndGlobalSection
	GlobalSection(SolutionProperties) = preSolution
		HideSolutionNode = FALSE
	EndGlobalSection
	GlobalSection(NestedProjects) = preSolution
		{34A95F00-876B-4383-B115-569C854640C5} = {6B3F3792-E930-42E4-9F90-96B70BB149E9}
		{15BF20BD-6E9B-4352-B825-4344249A4082} = {6B3F3792-E930-42E4-9F90-96B70BB149E9}
		{D965A866-518F-4F59-B3F3-F7FB9ACABFDF} = {6B3F3792-E930-42E4-9F90-96B70BB149E9}
		{AC536C27-A8EF-4AF2-A15E-E13E83386C86} = {6B3F3792-E930-42E4-9F90-96B70BB149E9}
		{39983DD8-9491-4704-A2FC-6CB390D4951E} = {D965A866-518F-4F59-B3F3-F7FB9ACABFDF}
		{CB3B8087-462A-4B85-9637-FD54554EE731} = {34A95F00-876B-4383-B115-569C854640C5}
		{CF800053-AB92-4C68-96F3-2F0C394B2A95} = {34A95F00-876B-4383-B115-569C854640C5}
		{47D60379-D49B-4C36-94A7-27E59B4FAC86} = {D965A866-518F-4F59-B3F3-F7FB9ACABFDF}
		{894CF94A-85C4-4F39-ACDE-2EBE5B777724} = {34A95F00-876B-4383-B115-569C854640C5}
		{8E9E3DFD-645A-4138-BB85-04AD7693512B} = {34A95F00-876B-4383-B115-569C854640C5}
		{169858C0-4344-4F3B-A568-53AD2F75AA6E} = {D965A866-518F-4F59-B3F3-F7FB9ACABFDF}
		{3DF81139-0A9A-4A80-ABB1-B279C4AD30BC} = {15BF20BD-6E9B-4352-B825-4344249A4082}
		{9AB5CF50-B337-40EB-8AEA-36F53BCC9953} = {D965A866-518F-4F59-B3F3-F7FB9ACABFDF}
		{67EF032D-139A-4A97-815E-EA7D92F33B3A} = {AC536C27-A8EF-4AF2-A15E-E13E83386C86}
	EndGlobalSection
EndGlobal
